
Microsoft Visual Studio Solution File, Format Version 12.00
# Visual Studio 2012
Project("{FAE04EC0-301F-11D3-BF4B-00C04F79EFBC}") = "TVLib.Business", "TVLib.Business\TVLib.Business.csProj", "{419A3103-C45C-4E37-A392-E5345E7B1C2A}"
EndProject
Project("{FAE04EC0-301F-11D3-BF4B-00C04F79EFBC}") = "TVLib.Data", "TVLib.Data\TVLib.Data.csProj", "{62087D15-C938-445F-8B55-5804278422C3}"
EndProject
Project("{FAE04EC0-301F-11D3-BF4B-00C04F79EFBC}") = "TVLib.Entity", "TVLib.Entity\TVLib.Entity.csProj", "{7139F83E-2FE7-43E7-9742-C3BF6D96959D}"
EndProject
Project("{FAE04EC0-301F-11D3-BF4B-00C04F79EFBC}") = "Lib", "Lib\Lib.csproj", "{9FE7479D-DCA7-4A07-8CD0-0DD434F19697}"
EndProject
Project("{FAE04EC0-301F-11D3-BF4B-00C04F79EFBC}") = "TVLibTraCuu.Business", "TVLibTraCuu.Business\TVLibTraCuu.Business.csproj", "{C8868977-B90D-498A-83B3-732918A6B9DB}"
EndProject
Project("{FAE04EC0-301F-11D3-BF4B-00C04F79EFBC}") = "TVLibTraCuu.Data", "TVLibTraCuu.Data\TVLibTraCuu.Data.csproj", "{A380B79E-7A46-4A9E-9446-E61EA93A54B8}"
EndProject
Project("{FAE04EC0-301F-11D3-BF4B-00C04F79EFBC}") = "TVLibTraCuu.Entity", "TVLibTraCuu.Entity\TVLibTraCuu.Entity.csproj", "{F8860208-2456-4FB7-9E0A-8189C1B8125A}"
EndProject
Project("{E24C65DC-7377-472B-9ABA-BC803B73C61A}") = "TVLibTraCuuWeb", "http://localhost:6152", "{BFD79194-23FA-4E91-9FFA-78641C5AF254}"
	ProjectSection(WebsiteProperties) = preProject
		SccProjectName = ""
		SccAuxPath = ""
		SccLocalPath = ""
		SccProvider = ""
		UseIISExpress = "true"
		TargetFrameworkMoniker = ".NETFramework,Version%3Dv4.0"
		ProjectReferences = "{C8868977-B90D-498A-83B3-732918A6B9DB}|TruongViet.TVLibTraCuu.Business.dll;{A380B79E-7A46-4A9E-9446-E61EA93A54B8}|TruongViet.TVLibTraCuu.Data.dll;{F8860208-2456-4FB7-9E0A-8189C1B8125A}|TruongViet.TVLibTraCuu.Entity.dll;"
		Debug.AspNetCompiler.VirtualPath = "/TVLibTraCuuWeb"
		Debug.AspNetCompiler.PhysicalPath = "TVLibTraCuuWeb\"
		Debug.AspNetCompiler.TargetPath = "PrecompiledWeb\TVLibTraCuuWeb\"
		Debug.AspNetCompiler.Updateable = "true"
		Debug.AspNetCompiler.ForceOverwrite = "true"
		Debug.AspNetCompiler.FixedNames = "false"
		Debug.AspNetCompiler.Debug = "True"
		Release.AspNetCompiler.VirtualPath = "/TVLibTraCuuWeb"
		Release.AspNetCompiler.PhysicalPath = "TVLibTraCuuWeb\"
		Release.AspNetCompiler.TargetPath = "PrecompiledWeb\TVLibTraCuuWeb\"
		Release.AspNetCompiler.Updateable = "true"
		Release.AspNetCompiler.ForceOverwrite = "true"
		Release.AspNetCompiler.FixedNames = "false"
		Release.AspNetCompiler.Debug = "False"
		SlnRelativePath = "TVLibTraCuuWeb\"
	EndProjectSection
EndProject
Project("{E24C65DC-7377-472B-9ABA-BC803B73C61A}") = "TVLibWeb", "http://localhost:6015", "{EAC934AD-5744-4FC0-977D-4FC525CB0B59}"
	ProjectSection(WebsiteProperties) = preProject
		SccProjectName = ""
		SccAuxPath = ""
		SccLocalPath = ""
		SccProvider = ""
		UseIISExpress = "true"
		TargetFrameworkMoniker = ".NETFramework,Version%3Dv4.0"
		ProjectReferences = "{9FE7479D-DCA7-4A07-8CD0-0DD434F19697}|TruongViet.Lib.dll;{419A3103-C45C-4E37-A392-E5345E7B1C2A}|TruongViet.TVLib.Business.dll;{62087D15-C938-445F-8B55-5804278422C3}|TruongViet.TVLib.Data.dll;{7139F83E-2FE7-43E7-9742-C3BF6D96959D}|TruongViet.TVLib.Entity.dll;"
		Debug.AspNetCompiler.VirtualPath = "/TVLibWeb"
		Debug.AspNetCompiler.PhysicalPath = "TVLibWeb\"
		Debug.AspNetCompiler.TargetPath = "PrecompiledWeb\TVLibWeb\"
		Debug.AspNetCompiler.Updateable = "true"
		Debug.AspNetCompiler.ForceOverwrite = "true"
		Debug.AspNetCompiler.FixedNames = "false"
		Debug.AspNetCompiler.Debug = "True"
		Release.AspNetCompiler.VirtualPath = "/TVLibWeb"
		Release.AspNetCompiler.PhysicalPath = "TVLibWeb\"
		Release.AspNetCompiler.TargetPath = "PrecompiledWeb\TVLibWeb\"
		Release.AspNetCompiler.Updateable = "true"
		Release.AspNetCompiler.ForceOverwrite = "true"
		Release.AspNetCompiler.FixedNames = "false"
		Release.AspNetCompiler.Debug = "False"
		SlnRelativePath = "TVLibWeb\"
	EndProjectSection
EndProject
Global
	GlobalSection(SolutionConfigurationPlatforms) = preSolution
		Debug|.NET = Debug|.NET
		Debug|Any CPU = Debug|Any CPU
		Debug|Mixed Platforms = Debug|Mixed Platforms
		Debug|x86 = Debug|x86
		Release|.NET = Release|.NET
		Release|Any CPU = Release|Any CPU
		Release|Mixed Platforms = Release|Mixed Platforms
		Release|x86 = Release|x86
	EndGlobalSection
	GlobalSection(ProjectConfigurationPlatforms) = postSolution
		{419A3103-C45C-4E37-A392-E5345E7B1C2A}.Debug|.NET.ActiveCfg = Debug|Any CPU
		{419A3103-C45C-4E37-A392-E5345E7B1C2A}.Debug|Any CPU.ActiveCfg = Debug|Any CPU
		{419A3103-C45C-4E37-A392-E5345E7B1C2A}.Debug|Any CPU.Build.0 = Debug|Any CPU
		{419A3103-C45C-4E37-A392-E5345E7B1C2A}.Debug|Mixed Platforms.ActiveCfg = Debug|Any CPU
		{419A3103-C45C-4E37-A392-E5345E7B1C2A}.Debug|Mixed Platforms.Build.0 = Debug|Any CPU
		{419A3103-C45C-4E37-A392-E5345E7B1C2A}.Debug|x86.ActiveCfg = Debug|x86
		{419A3103-C45C-4E37-A392-E5345E7B1C2A}.Debug|x86.Build.0 = Debug|x86
		{419A3103-C45C-4E37-A392-E5345E7B1C2A}.Release|.NET.ActiveCfg = Release|Any CPU
		{419A3103-C45C-4E37-A392-E5345E7B1C2A}.Release|Any CPU.ActiveCfg = Release|Any CPU
		{419A3103-C45C-4E37-A392-E5345E7B1C2A}.Release|Any CPU.Build.0 = Release|Any CPU
		{419A3103-C45C-4E37-A392-E5345E7B1C2A}.Release|Mixed Platforms.ActiveCfg = Release|Any CPU
		{419A3103-C45C-4E37-A392-E5345E7B1C2A}.Release|Mixed Platforms.Build.0 = Release|Any CPU
		{419A3103-C45C-4E37-A392-E5345E7B1C2A}.Release|x86.ActiveCfg = Release|x86
		{419A3103-C45C-4E37-A392-E5345E7B1C2A}.Release|x86.Build.0 = Release|x86
		{62087D15-C938-445F-8B55-5804278422C3}.Debug|.NET.ActiveCfg = Debug|Any CPU
		{62087D15-C938-445F-8B55-5804278422C3}.Debug|Any CPU.ActiveCfg = Debug|Any CPU
		{62087D15-C938-445F-8B55-5804278422C3}.Debug|Any CPU.Build.0 = Debug|Any CPU
		{62087D15-C938-445F-8B55-5804278422C3}.Debug|Mixed Platforms.ActiveCfg = Debug|Any CPU
		{62087D15-C938-445F-8B55-5804278422C3}.Debug|Mixed Platforms.Build.0 = Debug|Any CPU
		{62087D15-C938-445F-8B55-5804278422C3}.Debug|x86.ActiveCfg = Debug|x86
		{62087D15-C938-445F-8B55-5804278422C3}.Debug|x86.Build.0 = Debug|x86
		{62087D15-C938-445F-8B55-5804278422C3}.Release|.NET.ActiveCfg = Release|Any CPU
		{62087D15-C938-445F-8B55-5804278422C3}.Release|Any CPU.ActiveCfg = Release|Any CPU
		{62087D15-C938-445F-8B55-5804278422C3}.Release|Any CPU.Build.0 = Release|Any CPU
		{62087D15-C938-445F-8B55-5804278422C3}.Release|Mixed Platforms.ActiveCfg = Release|Any CPU
		{62087D15-C938-445F-8B55-5804278422C3}.Release|Mixed Platforms.Build.0 = Release|Any CPU
		{62087D15-C938-445F-8B55-5804278422C3}.Release|x86.ActiveCfg = Release|x86
		{62087D15-C938-445F-8B55-5804278422C3}.Release|x86.Build.0 = Release|x86
		{7139F83E-2FE7-43E7-9742-C3BF6D96959D}.Debug|.NET.ActiveCfg = Debug|Any CPU
		{7139F83E-2FE7-43E7-9742-C3BF6D96959D}.Debug|Any CPU.ActiveCfg = Debug|Any CPU
		{7139F83E-2FE7-43E7-9742-C3BF6D96959D}.Debug|Any CPU.Build.0 = Debug|Any CPU
		{7139F83E-2FE7-43E7-9742-C3BF6D96959D}.Debug|Mixed Platforms.ActiveCfg = Debug|Any CPU
		{7139F83E-2FE7-43E7-9742-C3BF6D96959D}.Debug|Mixed Platforms.Build.0 = Debug|Any CPU
		{7139F83E-2FE7-43E7-9742-C3BF6D96959D}.Debug|x86.ActiveCfg = Debug|x86
		{7139F83E-2FE7-43E7-9742-C3BF6D96959D}.Debug|x86.Build.0 = Debug|x86
		{7139F83E-2FE7-43E7-9742-C3BF6D96959D}.Release|.NET.ActiveCfg = Release|Any CPU
		{7139F83E-2FE7-43E7-9742-C3BF6D96959D}.Release|Any CPU.ActiveCfg = Release|Any CPU
		{7139F83E-2FE7-43E7-9742-C3BF6D96959D}.Release|Any CPU.Build.0 = Release|Any CPU
		{7139F83E-2FE7-43E7-9742-C3BF6D96959D}.Release|Mixed Platforms.ActiveCfg = Release|Any CPU
		{7139F83E-2FE7-43E7-9742-C3BF6D96959D}.Release|Mixed Platforms.Build.0 = Release|Any CPU
		{7139F83E-2FE7-43E7-9742-C3BF6D96959D}.Release|x86.ActiveCfg = Release|x86
		{7139F83E-2FE7-43E7-9742-C3BF6D96959D}.Release|x86.Build.0 = Release|x86
		{9FE7479D-DCA7-4A07-8CD0-0DD434F19697}.Debug|.NET.ActiveCfg = Debug|Any CPU
		{9FE7479D-DCA7-4A07-8CD0-0DD434F19697}.Debug|Any CPU.ActiveCfg = Debug|Any CPU
		{9FE7479D-DCA7-4A07-8CD0-0DD434F19697}.Debug|Any CPU.Build.0 = Debug|Any CPU
		{9FE7479D-DCA7-4A07-8CD0-0DD434F19697}.Debug|Mixed Platforms.ActiveCfg = Debug|Any CPU
		{9FE7479D-DCA7-4A07-8CD0-0DD434F19697}.Debug|Mixed Platforms.Build.0 = Debug|Any CPU
		{9FE7479D-DCA7-4A07-8CD0-0DD434F19697}.Debug|Mixed Platforms.Deploy.0 = Debug|Any CPU
		{9FE7479D-DCA7-4A07-8CD0-0DD434F19697}.Debug|x86.ActiveCfg = Debug|x86
		{9FE7479D-DCA7-4A07-8CD0-0DD434F19697}.Debug|x86.Build.0 = Debug|x86
		{9FE7479D-DCA7-4A07-8CD0-0DD434F19697}.Release|.NET.ActiveCfg = Release|Any CPU
		{9FE7479D-DCA7-4A07-8CD0-0DD434F19697}.Release|Any CPU.ActiveCfg = Release|Any CPU
		{9FE7479D-DCA7-4A07-8CD0-0DD434F19697}.Release|Any CPU.Build.0 = Release|Any CPU
		{9FE7479D-DCA7-4A07-8CD0-0DD434F19697}.Release|Mixed Platforms.ActiveCfg = Release|Any CPU
		{9FE7479D-DCA7-4A07-8CD0-0DD434F19697}.Release|Mixed Platforms.Build.0 = Release|Any CPU
		{9FE7479D-DCA7-4A07-8CD0-0DD434F19697}.Release|x86.ActiveCfg = Release|x86
		{9FE7479D-DCA7-4A07-8CD0-0DD434F19697}.Release|x86.Build.0 = Release|x86
		{C8868977-B90D-498A-83B3-732918A6B9DB}.Debug|.NET.ActiveCfg = Debug|Any CPU
		{C8868977-B90D-498A-83B3-732918A6B9DB}.Debug|Any CPU.ActiveCfg = Debug|Any CPU
		{C8868977-B90D-498A-83B3-732918A6B9DB}.Debug|Any CPU.Build.0 = Debug|Any CPU
		{C8868977-B90D-498A-83B3-732918A6B9DB}.Debug|Mixed Platforms.ActiveCfg = Debug|Any CPU
		{C8868977-B90D-498A-83B3-732918A6B9DB}.Debug|Mixed Platforms.Build.0 = Debug|Any CPU
		{C8868977-B90D-498A-83B3-732918A6B9DB}.Debug|x86.ActiveCfg = Debug|x86
		{C8868977-B90D-498A-83B3-732918A6B9DB}.Debug|x86.Build.0 = Debug|x86
		{C8868977-B90D-498A-83B3-732918A6B9DB}.Release|.NET.ActiveCfg = Release|Any CPU
		{C8868977-B90D-498A-83B3-732918A6B9DB}.Release|Any CPU.ActiveCfg = Release|Any CPU
		{C8868977-B90D-498A-83B3-732918A6B9DB}.Release|Any CPU.Build.0 = Release|Any CPU
		{C8868977-B90D-498A-83B3-732918A6B9DB}.Release|Mixed Platforms.ActiveCfg = Release|Any CPU
		{C8868977-B90D-498A-83B3-732918A6B9DB}.Release|Mixed Platforms.Build.0 = Release|Any CPU
		{C8868977-B90D-498A-83B3-732918A6B9DB}.Release|x86.ActiveCfg = Release|x86
		{C8868977-B90D-498A-83B3-732918A6B9DB}.Release|x86.Build.0 = Release|x86
		{A380B79E-7A46-4A9E-9446-E61EA93A54B8}.Debug|.NET.ActiveCfg = Debug|Any CPU
		{A380B79E-7A46-4A9E-9446-E61EA93A54B8}.Debug|Any CPU.ActiveCfg = Debug|Any CPU
		{A380B79E-7A46-4A9E-9446-E61EA93A54B8}.Debug|Any CPU.Build.0 = Debug|Any CPU
		{A380B79E-7A46-4A9E-9446-E61EA93A54B8}.Debug|Mixed Platforms.ActiveCfg = Debug|Any CPU
		{A380B79E-7A46-4A9E-9446-E61EA93A54B8}.Debug|Mixed Platforms.Build.0 = Debug|Any CPU
		{A380B79E-7A46-4A9E-9446-E61EA93A54B8}.Debug|x86.ActiveCfg = Debug|x86
		{A380B79E-7A46-4A9E-9446-E61EA93A54B8}.Debug|x86.Build.0 = Debug|x86
		{A380B79E-7A46-4A9E-9446-E61EA93A54B8}.Release|.NET.ActiveCfg = Release|Any CPU
		{A380B79E-7A46-4A9E-9446-E61EA93A54B8}.Release|Any CPU.ActiveCfg = Release|Any CPU
		{A380B79E-7A46-4A9E-9446-E61EA93A54B8}.Release|Any CPU.Build.0 = Release|Any CPU
		{A380B79E-7A46-4A9E-9446-E61EA93A54B8}.Release|Mixed Platforms.ActiveCfg = Release|Any CPU
		{A380B79E-7A46-4A9E-9446-E61EA93A54B8}.Release|Mixed Platforms.Build.0 = Release|Any CPU
		{A380B79E-7A46-4A9E-9446-E61EA93A54B8}.Release|x86.ActiveCfg = Release|x86
		{A380B79E-7A46-4A9E-9446-E61EA93A54B8}.Release|x86.Build.0 = Release|x86
		{F8860208-2456-4FB7-9E0A-8189C1B8125A}.Debug|.NET.ActiveCfg = Debug|Any CPU
		{F8860208-2456-4FB7-9E0A-8189C1B8125A}.Debug|Any CPU.ActiveCfg = Debug|Any CPU
		{F8860208-2456-4FB7-9E0A-8189C1B8125A}.Debug|Any CPU.Build.0 = Debug|Any CPU
		{F8860208-2456-4FB7-9E0A-8189C1B8125A}.Debug|Mixed Platforms.ActiveCfg = Debug|Any CPU
		{F8860208-2456-4FB7-9E0A-8189C1B8125A}.Debug|Mixed Platforms.Build.0 = Debug|Any CPU
		{F8860208-2456-4FB7-9E0A-8189C1B8125A}.Debug|x86.ActiveCfg = Debug|x86
		{F8860208-2456-4FB7-9E0A-8189C1B8125A}.Debug|x86.Build.0 = Debug|x86
		{F8860208-2456-4FB7-9E0A-8189C1B8125A}.Release|.NET.ActiveCfg = Release|Any CPU
		{F8860208-2456-4FB7-9E0A-8189C1B8125A}.Release|Any CPU.ActiveCfg = Release|Any CPU
		{F8860208-2456-4FB7-9E0A-8189C1B8125A}.Release|Any CPU.Build.0 = Release|Any CPU
		{F8860208-2456-4FB7-9E0A-8189C1B8125A}.Release|Mixed Platforms.ActiveCfg = Release|Any CPU
		{F8860208-2456-4FB7-9E0A-8189C1B8125A}.Release|Mixed Platforms.Build.0 = Release|Any CPU
		{F8860208-2456-4FB7-9E0A-8189C1B8125A}.Release|x86.ActiveCfg = Release|x86
		{F8860208-2456-4FB7-9E0A-8189C1B8125A}.Release|x86.Build.0 = Release|x86
		{BFD79194-23FA-4E91-9FFA-78641C5AF254}.Debug|.NET.ActiveCfg = Debug|Any CPU
		{BFD79194-23FA-4E91-9FFA-78641C5AF254}.Debug|Any CPU.ActiveCfg = Debug|Any CPU
		{BFD79194-23FA-4E91-9FFA-78641C5AF254}.Debug|Any CPU.Build.0 = Debug|Any CPU
		{BFD79194-23FA-4E91-9FFA-78641C5AF254}.Debug|Mixed Platforms.ActiveCfg = Debug|Any CPU
		{BFD79194-23FA-4E91-9FFA-78641C5AF254}.Debug|Mixed Platforms.Build.0 = Debug|Any CPU
		{BFD79194-23FA-4E91-9FFA-78641C5AF254}.Debug|x86.ActiveCfg = Debug|Any CPU
		{BFD79194-23FA-4E91-9FFA-78641C5AF254}.Release|.NET.ActiveCfg = Debug|Any CPU
		{BFD79194-23FA-4E91-9FFA-78641C5AF254}.Release|Any CPU.ActiveCfg = Debug|Any CPU
		{BFD79194-23FA-4E91-9FFA-78641C5AF254}.Release|Any CPU.Build.0 = Debug|Any CPU
		{BFD79194-23FA-4E91-9FFA-78641C5AF254}.Release|Mixed Platforms.ActiveCfg = Debug|Any CPU
		{BFD79194-23FA-4E91-9FFA-78641C5AF254}.Release|Mixed Platforms.Build.0 = Debug|Any CPU
		{BFD79194-23FA-4E91-9FFA-78641C5AF254}.Release|x86.ActiveCfg = Debug|Any CPU
		{EAC934AD-5744-4FC0-977D-4FC525CB0B59}.Debug|.NET.ActiveCfg = Debug|Any CPU
		{EAC934AD-5744-4FC0-977D-4FC525CB0B59}.Debug|Any CPU.ActiveCfg = Debug|Any CPU
		{EAC934AD-5744-4FC0-977D-4FC525CB0B59}.Debug|Any CPU.Build.0 = Debug|Any CPU
		{EAC934AD-5744-4FC0-977D-4FC525CB0B59}.Debug|Mixed Platforms.ActiveCfg = Debug|Any CPU
		{EAC934AD-5744-4FC0-977D-4FC525CB0B59}.Debug|Mixed Platforms.Build.0 = Debug|Any CPU
		{EAC934AD-5744-4FC0-977D-4FC525CB0B59}.Debug|x86.ActiveCfg = Debug|Any CPU
		{EAC934AD-5744-4FC0-977D-4FC525CB0B59}.Release|.NET.ActiveCfg = Debug|Any CPU
		{EAC934AD-5744-4FC0-977D-4FC525CB0B59}.Release|Any CPU.ActiveCfg = Debug|Any CPU
		{EAC934AD-5744-4FC0-977D-4FC525CB0B59}.Release|Any CPU.Build.0 = Debug|Any CPU
		{EAC934AD-5744-4FC0-977D-4FC525CB0B59}.Release|Mixed Platforms.ActiveCfg = Debug|Any CPU
		{EAC934AD-5744-4FC0-977D-4FC525CB0B59}.Release|Mixed Platforms.Build.0 = Debug|Any CPU
		{EAC934AD-5744-4FC0-977D-4FC525CB0B59}.Release|x86.ActiveCfg = Debug|Any CPU
	EndGlobalSection
	GlobalSection(SolutionProperties) = preSolution
		HideSolutionNode = FALSE
	EndGlobalSection
EndGlobal
